
Microsoft Visual Studio Solution File, Format Version 12.00
# Visual Studio Version 17
VisualStudioVersion = 17.6.33927.249
MinimumVisualStudioVersion = 10.0.40219.1
Project("{FAE04EC0-301F-11D3-BF4B-00C04F79EFBC}") = "SLClient", "SLClient\SLClient.csproj", "{C64BD053-4E16-4C5B-ADF1-0B87EB64A302}"
	ProjectSection(ProjectDependencies) = postProject
		{67C53E1E-10CD-4359-A373-FC49E0B456F9} = {67C53E1E-10CD-4359-A373-FC49E0B456F9}
	EndProjectSection
EndProject
Project("{9A19103F-16F7-4668-BE54-9A1E7A4F7556}") = "Grpc.Utilities", "..\Grpc.Utilities\Grpc.Utilities.csproj", "{67C53E1E-10CD-4359-A373-FC49E0B456F9}"
EndProject
Global
	GlobalSection(SolutionConfigurationPlatforms) = preSolution
		Debug|Any CPU = Debug|Any CPU
		Release|Any CPU = Release|Any CPU
	EndGlobalSection
	GlobalSection(ProjectConfigurationPlatforms) = postSolution
		{C64BD053-4E16-4C5B-ADF1-0B87EB64A302}.Debug|Any CPU.ActiveCfg = Debug|Any CPU
		{C64BD053-4E16-4C5B-ADF1-0B87EB64A302}.Debug|Any CPU.Build.0 = Debug|Any CPU
		{C64BD053-4E16-4C5B-ADF1-0B87EB64A302}.Release|Any CPU.ActiveCfg = Release|Any CPU
		{C64BD053-4E16-4C5B-ADF1-0B87EB64A302}.Release|Any CPU.Build.0 = Release|Any CPU
		{67C53E1E-10CD-4359-A373-FC49E0B456F9}.Debug|Any CPU.ActiveCfg = Debug|Any CPU
		{67C53E1E-10CD-4359-A373-FC49E0B456F9}.Debug|Any CPU.Build.0 = Debug|Any CPU
		{67C53E1E-10CD-4359-A373-FC49E0B456F9}.Release|Any CPU.ActiveCfg = Release|Any CPU
		{67C53E1E-10CD-4359-A373-FC49E0B456F9}.Release|Any CPU.Build.0 = Release|Any CPU
	EndGlobalSection
	GlobalSection(SolutionProperties) = preSolution
		HideSolutionNode = FALSE
	EndGlobalSection
	GlobalSection(ExtensibilityGlobals) = postSolution
		SolutionGuid = {D098C937-6059-4D22-87E3-A85E79C5A5E5}
	EndGlobalSection
EndGlobal
